
Microsoft Visual Studio Solution File, Format Version 12.00
# Visual Studio 14
VisualStudioVersion = 14.0.25420.1
MinimumVisualStudioVersion = 10.0.40219.1
Project("{8BC9CEB8-8B4A-11D0-8D11-00A0C91BC942}") = "Week3_Exp3_3", "Week3_Exp3_3\Week3_Exp3_3.vcxproj", "{CD6B7BC9-43BE-4979-8927-CCFEB225536C}"
EndProject
Project("{8BC9CEB8-8B4A-11D0-8D11-00A0C91BC942}") = "Week3_Exp2_4", "Week3_Exp2_4\Week3_Exp2_4.vcxproj", "{90377CF2-EAA0-433B-96AE-5F2575C86530}"
EndProject
Global
	GlobalSection(SolutionConfigurationPlatforms) = preSolution
		Debug|x64 = Debug|x64
		Debug|x86 = Debug|x86
		Release|x64 = Release|x64
		Release|x86 = Release|x86
	EndGlobalSection
	GlobalSection(ProjectConfigurationPlatforms) = postSolution
		{CD6B7BC9-43BE-4979-8927-CCFEB225536C}.Debug|x64.ActiveCfg = Debug|x64
		{CD6B7BC9-43BE-4979-8927-CCFEB225536C}.Debug|x64.Build.0 = Debug|x64
		{CD6B7BC9-43BE-4979-8927-CCFEB225536C}.Debug|x86.ActiveCfg = Debug|Win32
		{CD6B7BC9-43BE-4979-8927-CCFEB225536C}.Debug|x86.Build.0 = Debug|Win32
		{CD6B7BC9-43BE-4979-8927-CCFEB225536C}.Release|x64.ActiveCfg = Release|x64
		{CD6B7BC9-43BE-4979-8927-CCFEB225536C}.Release|x64.Build.0 = Release|x64
		{CD6B7BC9-43BE-4979-8927-CCFEB225536C}.Release|x86.ActiveCfg = Release|Win32
		{CD6B7BC9-43BE-4979-8927-CCFEB225536C}.Release|x86.Build.0 = Release|Win32
		{90377CF2-EAA0-433B-96AE-5F2575C86530}.Debug|x64.ActiveCfg = Debug|x64
		{90377CF2-EAA0-433B-96AE-5F2575C86530}.Debug|x64.Build.0 = Debug|x64
		{90377CF2-EAA0-433B-96AE-5F2575C86530}.Debug|x86.ActiveCfg = Debug|Win32
		{90377CF2-EAA0-433B-96AE-5F2575C86530}.Debug|x86.Build.0 = Debug|Win32
		{90377CF2-EAA0-433B-96AE-5F2575C86530}.Release|x64.ActiveCfg = Release|x64
		{90377CF2-EAA0-433B-96AE-5F2575C86530}.Release|x64.Build.0 = Release|x64
		{90377CF2-EAA0-433B-96AE-5F2575C86530}.Release|x86.ActiveCfg = Release|Win32
		{90377CF2-EAA0-433B-96AE-5F2575C86530}.Release|x86.Build.0 = Release|Win32
	EndGlobalSection
	GlobalSection(SolutionProperties) = preSolution
		HideSolutionNode = FALSE
	EndGlobalSection
EndGlobal
